// !$*UTF8*$!
{
	archiveVersion = 1;
	classes = {
	};
	objectVersion = 46;
	objects = {

/* Begin PBXBuildFile section */
		189ED7051BC5489000CC6E72 /* main.m in Sources */ = {isa = PBXBuildFile; fileRef = 189ED7041BC5489000CC6E72 /* main.m */; };
		189ED7081BC5489000CC6E72 /* AppDelegate.m in Sources */ = {isa = PBXBuildFile; fileRef = 189ED7071BC5489000CC6E72 /* AppDelegate.m */; };
		189ED7101BC5489000CC6E72 /* Images.xcassets in Resources */ = {isa = PBXBuildFile; fileRef = 189ED70F1BC5489000CC6E72 /* Images.xcassets */; };
		189ED7131BC5489000CC6E72 /* LaunchScreen.xib in Resources */ = {isa = PBXBuildFile; fileRef = 189ED7111BC5489000CC6E72 /* LaunchScreen.xib */; };
		189ED71F1BC5489000CC6E72 /* PuddingAnimeTests.m in Sources */ = {isa = PBXBuildFile; fileRef = 189ED71E1BC5489000CC6E72 /* PuddingAnimeTests.m */; };
		189ED72B1BC548F800CC6E72 /* BangumiViewController.m in Sources */ = {isa = PBXBuildFile; fileRef = 189ED72A1BC548F800CC6E72 /* BangumiViewController.m */; };
		189ED72E1BC5491300CC6E72 /* LeftViewController.m in Sources */ = {isa = PBXBuildFile; fileRef = 189ED72D1BC5491300CC6E72 /* LeftViewController.m */; };
		189ED7311BC5495E00CC6E72 /* RecommendViewController.m in Sources */ = {isa = PBXBuildFile; fileRef = 189ED7301BC5495E00CC6E72 /* RecommendViewController.m */; };
		189ED7341BC5497400CC6E72 /* CategoryViewController.m in Sources */ = {isa = PBXBuildFile; fileRef = 189ED7331BC5497400CC6E72 /* CategoryViewController.m */; };
		189ED7401BC549DC00CC6E72 /* MMDrawerBarButtonItem.m in Sources */ = {isa = PBXBuildFile; fileRef = 189ED7381BC549DC00CC6E72 /* MMDrawerBarButtonItem.m */; };
		189ED7411BC549DC00CC6E72 /* MMDrawerController.m in Sources */ = {isa = PBXBuildFile; fileRef = 189ED73B1BC549DC00CC6E72 /* MMDrawerController.m */; };
		189ED7421BC549DC00CC6E72 /* MMDrawerVisualState.m in Sources */ = {isa = PBXBuildFile; fileRef = 189ED73D1BC549DC00CC6E72 /* MMDrawerVisualState.m */; };
		189ED7431BC549DC00CC6E72 /* UIViewController+MMDrawerController.m in Sources */ = {isa = PBXBuildFile; fileRef = 189ED73F1BC549DC00CC6E72 /* UIViewController+MMDrawerController.m */; };
/* End PBXBuildFile section */

/* Begin PBXContainerItemProxy section */
		189ED7191BC5489000CC6E72 /* PBXContainerItemProxy */ = {
			isa = PBXContainerItemProxy;
			containerPortal = 189ED6F71BC5489000CC6E72 /* Project object */;
			proxyType = 1;
			remoteGlobalIDString = 189ED6FE1BC5489000CC6E72;
			remoteInfo = PuddingAnime;
		};
/* End PBXContainerItemProxy section */

/* Begin PBXFileReference section */
		189ED6FF1BC5489000CC6E72 /* PuddingAnime.app */ = {isa = PBXFileReference; explicitFileType = wrapper.application; includeInIndex = 0; path = PuddingAnime.app; sourceTree = BUILT_PRODUCTS_DIR; };
		189ED7031BC5489000CC6E72 /* Info.plist */ = {isa = PBXFileReference; lastKnownFileType = text.plist.xml; path = Info.plist; sourceTree = "<group>"; };
		189ED7041BC5489000CC6E72 /* main.m */ = {isa = PBXFileReference; lastKnownFileType = sourcecode.c.objc; path = main.m; sourceTree = "<group>"; };
		189ED7061BC5489000CC6E72 /* AppDelegate.h */ = {isa = PBXFileReference; lastKnownFileType = sourcecode.c.h; path = AppDelegate.h; sourceTree = "<group>"; };
		189ED7071BC5489000CC6E72 /* AppDelegate.m */ = {isa = PBXFileReference; lastKnownFileType = sourcecode.c.objc; path = AppDelegate.m; sourceTree = "<group>"; };
		189ED70F1BC5489000CC6E72 /* Images.xcassets */ = {isa = PBXFileReference; lastKnownFileType = folder.assetcatalog; path = Images.xcassets; sourceTree = "<group>"; };
		189ED7121BC5489000CC6E72 /* Base */ = {isa = PBXFileReference; lastKnownFileType = file.xib; name = Base; path = Base.lproj/LaunchScreen.xib; sourceTree = "<group>"; };
		189ED7181BC5489000CC6E72 /* PuddingAnimeTests.xctest */ = {isa = PBXFileReference; explicitFileType = wrapper.cfbundle; includeInIndex = 0; path = PuddingAnimeTests.xctest; sourceTree = BUILT_PRODUCTS_DIR; };
		189ED71D1BC5489000CC6E72 /* Info.plist */ = {isa = PBXFileReference; lastKnownFileType = text.plist.xml; path = Info.plist; sourceTree = "<group>"; };
		189ED71E1BC5489000CC6E72 /* PuddingAnimeTests.m */ = {isa = PBXFileReference; lastKnownFileType = sourcecode.c.objc; path = PuddingAnimeTests.m; sourceTree = "<group>"; };
		189ED7291BC548F800CC6E72 /* BangumiViewController.h */ = {isa = PBXFileReference; fileEncoding = 4; lastKnownFileType = sourcecode.c.h; path = BangumiViewController.h; sourceTree = "<group>"; };
		189ED72A1BC548F800CC6E72 /* BangumiViewController.m */ = {isa = PBXFileReference; fileEncoding = 4; lastKnownFileType = sourcecode.c.objc; path = BangumiViewController.m; sourceTree = "<group>"; };
		189ED72C1BC5491300CC6E72 /* LeftViewController.h */ = {isa = PBXFileReference; fileEncoding = 4; lastKnownFileType = sourcecode.c.h; path = LeftViewController.h; sourceTree = "<group>"; };
		189ED72D1BC5491300CC6E72 /* LeftViewController.m */ = {isa = PBXFileReference; fileEncoding = 4; lastKnownFileType = sourcecode.c.objc; path = LeftViewController.m; sourceTree = "<group>"; };
		189ED72F1BC5495E00CC6E72 /* RecommendViewController.h */ = {isa = PBXFileReference; fileEncoding = 4; lastKnownFileType = sourcecode.c.h; path = RecommendViewController.h; sourceTree = "<group>"; };
		189ED7301BC5495E00CC6E72 /* RecommendViewController.m */ = {isa = PBXFileReference; fileEncoding = 4; lastKnownFileType = sourcecode.c.objc; path = RecommendViewController.m; sourceTree = "<group>"; };
		189ED7321BC5497400CC6E72 /* CategoryViewController.h */ = {isa = PBXFileReference; fileEncoding = 4; lastKnownFileType = sourcecode.c.h; path = CategoryViewController.h; sourceTree = "<group>"; };
		189ED7331BC5497400CC6E72 /* CategoryViewController.m */ = {isa = PBXFileReference; fileEncoding = 4; lastKnownFileType = sourcecode.c.objc; path = CategoryViewController.m; sourceTree = "<group>"; };
		189ED7371BC549DC00CC6E72 /* MMDrawerBarButtonItem.h */ = {isa = PBXFileReference; fileEncoding = 4; lastKnownFileType = sourcecode.c.h; path = MMDrawerBarButtonItem.h; sourceTree = "<group>"; };
		189ED7381BC549DC00CC6E72 /* MMDrawerBarButtonItem.m */ = {isa = PBXFileReference; fileEncoding = 4; lastKnownFileType = sourcecode.c.objc; path = MMDrawerBarButtonItem.m; sourceTree = "<group>"; };
		189ED7391BC549DC00CC6E72 /* MMDrawerController+Subclass.h */ = {isa = PBXFileReference; fileEncoding = 4; lastKnownFileType = sourcecode.c.h; path = "MMDrawerController+Subclass.h"; sourceTree = "<group>"; };
		189ED73A1BC549DC00CC6E72 /* MMDrawerController.h */ = {isa = PBXFileReference; fileEncoding = 4; lastKnownFileType = sourcecode.c.h; path = MMDrawerController.h; sourceTree = "<group>"; };
		189ED73B1BC549DC00CC6E72 /* MMDrawerController.m */ = {isa = PBXFileReference; fileEncoding = 4; lastKnownFileType = sourcecode.c.objc; path = MMDrawerController.m; sourceTree = "<group>"; };
		189ED73C1BC549DC00CC6E72 /* MMDrawerVisualState.h */ = {isa = PBXFileReference; fileEncoding = 4; lastKnownFileType = sourcecode.c.h; path = MMDrawerVisualState.h; sourceTree = "<group>"; };
		189ED73D1BC549DC00CC6E72 /* MMDrawerVisualState.m */ = {isa = PBXFileReference; fileEncoding = 4; lastKnownFileType = sourcecode.c.objc; path = MMDrawerVisualState.m; sourceTree = "<group>"; };
		189ED73E1BC549DC00CC6E72 /* UIViewController+MMDrawerController.h */ = {isa = PBXFileReference; fileEncoding = 4; lastKnownFileType = sourcecode.c.h; path = "UIViewController+MMDrawerController.h"; sourceTree = "<group>"; };
		189ED73F1BC549DC00CC6E72 /* UIViewController+MMDrawerController.m */ = {isa = PBXFileReference; fileEncoding = 4; lastKnownFileType = sourcecode.c.objc; path = "UIViewController+MMDrawerController.m"; sourceTree = "<group>"; };
/* End PBXFileReference section */

/* Begin PBXFrameworksBuildPhase section */
		189ED6FC1BC5489000CC6E72 /* Frameworks */ = {
			isa = PBXFrameworksBuildPhase;
			buildActionMask = 2147483647;
			files = (
			);
			runOnlyForDeploymentPostprocessing = 0;
		};
		189ED7151BC5489000CC6E72 /* Frameworks */ = {
			isa = PBXFrameworksBuildPhase;
			buildActionMask = 2147483647;
			files = (
			);
			runOnlyForDeploymentPostprocessing = 0;
		};
/* End PBXFrameworksBuildPhase section */

/* Begin PBXGroup section */
		181F5E5B1BC5F29600D8E306 /* WEIKits */ = {
			isa = PBXGroup;
			children = (
			);
			name = WEIKits;
			sourceTree = "<group>";
		};
		189ED6F61BC5489000CC6E72 = {
			isa = PBXGroup;
			children = (
				189ED7011BC5489000CC6E72 /* PuddingAnime */,
				189ED71B1BC5489000CC6E72 /* PuddingAnimeTests */,
				189ED7001BC5489000CC6E72 /* Products */,
			);
			sourceTree = "<group>";
		};
		189ED7001BC5489000CC6E72 /* Products */ = {
			isa = PBXGroup;
			children = (
				189ED6FF1BC5489000CC6E72 /* PuddingAnime.app */,
				189ED7181BC5489000CC6E72 /* PuddingAnimeTests.xctest */,
			);
			name = Products;
			sourceTree = "<group>";
		};
		189ED7011BC5489000CC6E72 /* PuddingAnime */ = {
			isa = PBXGroup;
			children = (
				181F5E5B1BC5F29600D8E306 /* WEIKits */,
				189ED7351BC5499000CC6E72 /* library */,
				189ED7281BC548A900CC6E72 /* ViewControlers */,
				189ED7061BC5489000CC6E72 /* AppDelegate.h */,
				189ED7071BC5489000CC6E72 /* AppDelegate.m */,
				189ED70F1BC5489000CC6E72 /* Images.xcassets */,
				189ED7111BC5489000CC6E72 /* LaunchScreen.xib */,
				189ED7021BC5489000CC6E72 /* Supporting Files */,
			);
			path = PuddingAnime;
			sourceTree = "<group>";
		};
		189ED7021BC5489000CC6E72 /* Supporting Files */ = {
			isa = PBXGroup;
			children = (
				189ED7031BC5489000CC6E72 /* Info.plist */,
				189ED7041BC5489000CC6E72 /* main.m */,
			);
			name = "Supporting Files";
			sourceTree = "<group>";
		};
		189ED71B1BC5489000CC6E72 /* PuddingAnimeTests */ = {
			isa = PBXGroup;
			children = (
				189ED71E1BC5489000CC6E72 /* PuddingAnimeTests.m */,
				189ED71C1BC5489000CC6E72 /* Supporting Files */,
			);
			path = PuddingAnimeTests;
			sourceTree = "<group>";
		};
		189ED71C1BC5489000CC6E72 /* Supporting Files */ = {
			isa = PBXGroup;
			children = (
				189ED71D1BC5489000CC6E72 /* Info.plist */,
			);
			name = "Supporting Files";
			sourceTree = "<group>";
		};
		189ED7281BC548A900CC6E72 /* ViewControlers */ = {
			isa = PBXGroup;
			children = (
				189ED7291BC548F800CC6E72 /* BangumiViewController.h */,
				189ED72A1BC548F800CC6E72 /* BangumiViewController.m */,
				189ED72C1BC5491300CC6E72 /* LeftViewController.h */,
				189ED72D1BC5491300CC6E72 /* LeftViewController.m */,
				189ED72F1BC5495E00CC6E72 /* RecommendViewController.h */,
				189ED7301BC5495E00CC6E72 /* RecommendViewController.m */,
				189ED7321BC5497400CC6E72 /* CategoryViewController.h */,
				189ED7331BC5497400CC6E72 /* CategoryViewController.m */,
			);
			name = ViewControlers;
			sourceTree = "<group>";
		};
		189ED7351BC5499000CC6E72 /* library */ = {
			isa = PBXGroup;
			children = (
				189ED7361BC549DC00CC6E72 /* MMDrawerController */,
			);
			name = library;
			sourceTree = "<group>";
		};
		189ED7361BC549DC00CC6E72 /* MMDrawerController */ = {
			isa = PBXGroup;
			children = (
				189ED7371BC549DC00CC6E72 /* MMDrawerBarButtonItem.h */,
				189ED7381BC549DC00CC6E72 /* MMDrawerBarButtonItem.m */,
				189ED7391BC549DC00CC6E72 /* MMDrawerController+Subclass.h */,
				189ED73A1BC549DC00CC6E72 /* MMDrawerController.h */,
				189ED73B1BC549DC00CC6E72 /* MMDrawerController.m */,
				189ED73C1BC549DC00CC6E72 /* MMDrawerVisualState.h */,
				189ED73D1BC549DC00CC6E72 /* MMDrawerVisualState.m */,
				189ED73E1BC549DC00CC6E72 /* UIViewController+MMDrawerController.h */,
				189ED73F1BC549DC00CC6E72 /* UIViewController+MMDrawerController.m */,
			);
			path = MMDrawerController;
			sourceTree = "<group>";
		};
/* End PBXGroup section */

/* Begin PBXNativeTarget section */
		189ED6FE1BC5489000CC6E72 /* PuddingAnime */ = {
			isa = PBXNativeTarget;
			buildConfigurationList = 189ED7221BC5489000CC6E72 /* Build configuration list for PBXNativeTarget "PuddingAnime" */;
			buildPhases = (
				189ED6FB1BC5489000CC6E72 /* Sources */,
				189ED6FC1BC5489000CC6E72 /* Frameworks */,
				189ED6FD1BC5489000CC6E72 /* Resources */,
			);
			buildRules = (
			);
			dependencies = (
			);
			name = PuddingAnime;
			productName = PuddingAnime;
			productReference = 189ED6FF1BC5489000CC6E72 /* PuddingAnime.app */;
			productType = "com.apple.product-type.application";
		};
		189ED7171BC5489000CC6E72 /* PuddingAnimeTests */ = {
			isa = PBXNativeTarget;
			buildConfigurationList = 189ED7251BC5489000CC6E72 /* Build configuration list for PBXNativeTarget "PuddingAnimeTests" */;
			buildPhases = (
				189ED7141BC5489000CC6E72 /* Sources */,
				189ED7151BC5489000CC6E72 /* Frameworks */,
				189ED7161BC5489000CC6E72 /* Resources */,
			);
			buildRules = (
			);
			dependencies = (
				189ED71A1BC5489000CC6E72 /* PBXTargetDependency */,
			);
			name = PuddingAnimeTests;
			productName = PuddingAnimeTests;
			productReference = 189ED7181BC5489000CC6E72 /* PuddingAnimeTests.xctest */;
			productType = "com.apple.product-type.bundle.unit-test";
		};
/* End PBXNativeTarget section */

/* Begin PBXProject section */
		189ED6F71BC5489000CC6E72 /* Project object */ = {
			isa = PBXProject;
			attributes = {
				LastUpgradeCheck = 0640;
				ORGANIZATIONNAME = Weizh;
				TargetAttributes = {
					189ED6FE1BC5489000CC6E72 = {
						CreatedOnToolsVersion = 6.4;
					};
					189ED7171BC5489000CC6E72 = {
						CreatedOnToolsVersion = 6.4;
						TestTargetID = 189ED6FE1BC5489000CC6E72;
					};
				};
			};
			buildConfigurationList = 189ED6FA1BC5489000CC6E72 /* Build configuration list for PBXProject "PuddingAnime" */;
			compatibilityVersion = "Xcode 3.2";
			developmentRegion = English;
			hasScannedForEncodings = 0;
			knownRegions = (
				en,
				Base,
			);
			mainGroup = 189ED6F61BC5489000CC6E72;
			productRefGroup = 189ED7001BC5489000CC6E72 /* Products */;
			projectDirPath = "";
			projectRoot = "";
			targets = (
				189ED6FE1BC5489000CC6E72 /* PuddingAnime */,
				189ED7171BC5489000CC6E72 /* PuddingAnimeTests */,
			);
		};
/* End PBXProject section */

/* Begin PBXResourcesBuildPhase section */
		189ED6FD1BC5489000CC6E72 /* Resources */ = {
			isa = PBXResourcesBuildPhase;
			buildActionMask = 2147483647;
			files = (
				189ED7131BC5489000CC6E72 /* LaunchScreen.xib in Resources */,
				189ED7101BC5489000CC6E72 /* Images.xcassets in Resources */,
			);
			runOnlyForDeploymentPostprocessing = 0;
		};
		189ED7161BC5489000CC6E72 /* Resources */ = {
			isa = PBXResourcesBuildPhase;
			buildActionMask = 2147483647;
			files = (
			);
			runOnlyForDeploymentPostprocessing = 0;
		};
/* End PBXResourcesBuildPhase section */

/* Begin PBXSourcesBuildPhase section */
		189ED6FB1BC5489000CC6E72 /* Sources */ = {
			isa = PBXSourcesBuildPhase;
			buildActionMask = 2147483647;
			files = (
				189ED7081BC5489000CC6E72 /* AppDelegate.m in Sources */,
				189ED7311BC5495E00CC6E72 /* RecommendViewController.m in Sources */,
				189ED7411BC549DC00CC6E72 /* MMDrawerController.m in Sources */,
				189ED7431BC549DC00CC6E72 /* UIViewController+MMDrawerController.m in Sources */,
				189ED7421BC549DC00CC6E72 /* MMDrawerVisualState.m in Sources */,
				189ED72E1BC5491300CC6E72 /* LeftViewController.m in Sources */,
				189ED7051BC5489000CC6E72 /* main.m in Sources */,
				189ED7341BC5497400CC6E72 /* CategoryViewController.m in Sources */,
				189ED72B1BC548F800CC6E72 /* BangumiViewController.m in Sources */,
				189ED7401BC549DC00CC6E72 /* MMDrawerBarButtonItem.m in Sources */,
			);
			runOnlyForDeploymentPostprocessing = 0;
		};
		189ED7141BC5489000CC6E72 /* Sources */ = {
			isa = PBXSourcesBuildPhase;
			buildActionMask = 2147483647;
			files = (
				189ED71F1BC5489000CC6E72 /* PuddingAnimeTests.m in Sources */,
			);
			runOnlyForDeploymentPostprocessing = 0;
		};
/* End PBXSourcesBuildPhase section */

/* Begin PBXTargetDependency section */
		189ED71A1BC5489000CC6E72 /* PBXTargetDependency */ = {
			isa = PBXTargetDependency;
			target = 189ED6FE1BC5489000CC6E72 /* PuddingAnime */;
			targetProxy = 189ED7191BC5489000CC6E72 /* PBXContainerItemProxy */;
		};
/* End PBXTargetDependency section */

/* Begin PBXVariantGroup section */
		189ED7111BC5489000CC6E72 /* LaunchScreen.xib */ = {
			isa = PBXVariantGroup;
			children = (
				189ED7121BC5489000CC6E72 /* Base */,
			);
			name = LaunchScreen.xib;
			sourceTree = "<group>";
		};
/* End PBXVariantGroup section */

/* Begin XCBuildConfiguration section */
		189ED7201BC5489000CC6E72 /* Debug */ = {
			isa = XCBuildConfiguration;
			buildSettings = {
				ALWAYS_SEARCH_USER_PATHS = NO;
				CLANG_CXX_LANGUAGE_STANDARD = "gnu++0x";
				CLANG_CXX_LIBRARY = "libc++";
				CLANG_ENABLE_MODULES = YES;
				CLANG_ENABLE_OBJC_ARC = YES;
				CLANG_WARN_BOOL_CONVERSION = YES;
				CLANG_WARN_CONSTANT_CONVERSION = YES;
				CLANG_WARN_DIRECT_OBJC_ISA_USAGE = YES_ERROR;
				CLANG_WARN_EMPTY_BODY = YES;
				CLANG_WARN_ENUM_CONVERSION = YES;
				CLANG_WARN_INT_CONVERSION = YES;
				CLANG_WARN_OBJC_ROOT_CLASS = YES_ERROR;
				CLANG_WARN_UNREACHABLE_CODE = YES;
				CLANG_WARN__DUPLICATE_METHOD_MATCH = YES;
				"CODE_SIGN_IDENTITY[sdk=iphoneos*]" = "iPhone Developer";
				COPY_PHASE_STRIP = NO;
				DEBUG_INFORMATION_FORMAT = "dwarf-with-dsym";
				ENABLE_STRICT_OBJC_MSGSEND = YES;
				GCC_C_LANGUAGE_STANDARD = gnu99;
				GCC_DYNAMIC_NO_PIC = NO;
				GCC_NO_COMMON_BLOCKS = YES;
				GCC_OPTIMIZATION_LEVEL = 0;
				GCC_PREPROCESSOR_DEFINITIONS = (
					"DEBUG=1",
					"$(inherited)",
				);
				GCC_SYMBOLS_PRIVATE_EXTERN = NO;
				GCC_WARN_64_TO_32_BIT_CONVERSION = YES;
				GCC_WARN_ABOUT_RETURN_TYPE = YES_ERROR;
				GCC_WARN_UNDECLARED_SELECTOR = YES;
				GCC_WARN_UNINITIALIZED_AUTOS = YES_AGGRESSIVE;
				GCC_WARN_UNUSED_FUNCTION = YES;
				GCC_WARN_UNUSED_VARIABLE = YES;
				IPHONEOS_DEPLOYMENT_TARGET = 8.4;
				MTL_ENABLE_DEBUG_INFO = YES;
				ONLY_ACTIVE_ARCH = YES;
				SDKROOT = iphoneos;
			};
			name = Debug;
		};
		189ED7211BC5489000CC6E72 /* Release */ = {
			isa = XCBuildConfiguration;
			buildSettings = {
				ALWAYS_SEARCH_USER_PATHS = NO;
				CLANG_CXX_LANGUAGE_STANDARD = "gnu++0x";
				CLANG_CXX_LIBRARY = "libc++";
				CLANG_ENABLE_MODULES = YES;
				CLANG_ENABLE_OBJC_ARC = YES;
				CLANG_WARN_BOOL_CONVERSION = YES;
				CLANG_WARN_CONSTANT_CONVERSION = YES;
				CLANG_WARN_DIRECT_OBJC_ISA_USAGE = YES_ERROR;
				CLANG_WARN_EMPTY_BODY = YES;
				CLANG_WARN_ENUM_CONVERSION = YES;
				CLANG_WARN_INT_CONVERSION = YES;
				CLANG_WARN_OBJC_ROOT_CLASS = YES_ERROR;
				CLANG_WARN_UNREACHABLE_CODE = YES;
				CLANG_WARN__DUPLICATE_METHOD_MATCH = YES;
				"CODE_SIGN_IDENTITY[sdk=iphoneos*]" = "iPhone Developer";
				COPY_PHASE_STRIP = NO;
				DEBUG_INFORMATION_FORMAT = "dwarf-with-dsym";
				ENABLE_NS_ASSERTIONS = NO;
				ENABLE_STRICT_OBJC_MSGSEND = YES;
				GCC_C_LANGUAGE_STANDARD = gnu99;
				GCC_NO_COMMON_BLOCKS = YES;
				GCC_WARN_64_TO_32_BIT_CONVERSION = YES;
				GCC_WARN_ABOUT_RETURN_TYPE = YES_ERROR;
				GCC_WARN_UNDECLARED_SELECTOR = YES;
				GCC_WARN_UNINITIALIZED_AUTOS = YES_AGGRESSIVE;
				GCC_WARN_UNUSED_FUNCTION = YES;
				GCC_WARN_UNUSED_VARIABLE = YES;
				IPHONEOS_DEPLOYMENT_TARGET = 8.4;
				MTL_ENABLE_DEBUG_INFO = NO;
				SDKROOT = iphoneos;
				VALIDATE_PRODUCT = YES;
			};
			name = Release;
		};
		189ED7231BC5489000CC6E72 /* Debug */ = {
			isa = XCBuildConfiguration;
			buildSettings = {
				ASSETCATALOG_COMPILER_APPICON_NAME = AppIcon;
				INFOPLIST_FILE = PuddingAnime/Info.plist;
				LD_RUNPATH_SEARCH_PATHS = "$(inherited) @executable_path/Frameworks";
				PRODUCT_NAME = "$(TARGET_NAME)";
			};
			name = Debug;
		};
		189ED7241BC5489000CC6E72 /* Release */ = {
			isa = XCBuildConfiguration;
			buildSettings = {
				ASSETCATALOG_COMPILER_APPICON_NAME = AppIcon;
				INFOPLIST_FILE = PuddingAnime/Info.plist;
				LD_RUNPATH_SEARCH_PATHS = "$(inherited) @executable_path/Frameworks";
				PRODUCT_NAME = "$(TARGET_NAME)";
			};
			name = Release;
		};
		189ED7261BC5489000CC6E72 /* Debug */ = {
			isa = XCBuildConfiguration;
			buildSettings = {
				BUNDLE_LOADER = "$(TEST_HOST)";
				FRAMEWORK_SEARCH_PATHS = (
					"$(SDKROOT)/Developer/Library/Frameworks",
					"$(inherited)",
				);
				GCC_PREPROCESSOR_DEFINITIONS = (
					"DEBUG=1",
					"$(inherited)",
				);
				INFOPLIST_FILE = PuddingAnimeTests/Info.plist;
				LD_RUNPATH_SEARCH_PATHS = "$(inherited) @executable_path/Frameworks @loader_path/Frameworks";
				PRODUCT_NAME = "$(TARGET_NAME)";
				TEST_HOST = "$(BUILT_PRODUCTS_DIR)/PuddingAnime.app/PuddingAnime";
			};
			name = Debug;
		};
		189ED7271BC5489000CC6E72 /* Release */ = {
			isa = XCBuildConfiguration;
			buildSettings = {
				BUNDLE_LOADER = "$(TEST_HOST)";
				FRAMEWORK_SEARCH_PATHS = (
					"$(SDKROOT)/Developer/Library/Frameworks",
					"$(inherited)",
				);
				INFOPLIST_FILE = PuddingAnimeTests/Info.plist;
				LD_RUNPATH_SEARCH_PATHS = "$(inherited) @executable_path/Frameworks @loader_path/Frameworks";
				PRODUCT_NAME = "$(TARGET_NAME)";
				TEST_HOST = "$(BUILT_PRODUCTS_DIR)/PuddingAnime.app/PuddingAnime";
			};
			name = Release;
		};
/* End XCBuildConfiguration section */

/* Begin XCConfigurationList section */
		189ED6FA1BC5489000CC6E72 /* Build configuration list for PBXProject "PuddingAnime" */ = {
			isa = XCConfigurationList;
			buildConfigurations = (
				189ED7201BC5489000CC6E72 /* Debug */,
				189ED7211BC5489000CC6E72 /* Release */,
			);
			defaultConfigurationIsVisible = 0;
			defaultConfigurationName = Release;
		};
		189ED7221BC5489000CC6E72 /* Build configuration list for PBXNativeTarget "PuddingAnime" */ = {
			isa = XCConfigurationList;
			buildConfigurations = (
				189ED7231BC5489000CC6E72 /* Debug */,
				189ED7241BC5489000CC6E72 /* Release */,
			);
			defaultConfigurationIsVisible = 0;
			defaultConfigurationName = Release;
		};
		189ED7251BC5489000CC6E72 /* Build configuration list for PBXNativeTarget "PuddingAnimeTests" */ = {
			isa = XCConfigurationList;
			buildConfigurations = (
				189ED7261BC5489000CC6E72 /* Debug */,
				189ED7271BC5489000CC6E72 /* Release */,
			);
			defaultConfigurationIsVisible = 0;
			defaultConfigurationName = Release;
		};
/* End XCConfigurationList section */
	};
	rootObject = 189ED6F71BC5489000CC6E72 /* Project object */;
}
